
Microsoft Visual Studio Solution File, Format Version 12.00
# Visual Studio Version 17
VisualStudioVersion = 17.7.34202.233
MinimumVisualStudioVersion = 10.0.40219.1
Project("{888888A0-9F3D-457C-B088-3A5042F75D52}") = "Projectile Launching", "Projectile Launching.pyproj", "{B0E4391B-55F1-40BC-B25F-DB269C125931}"
EndProject
Global
	GlobalSection(SolutionConfigurationPlatforms) = preSolution
		Debug|Any CPU = Debug|Any CPU
		Release|Any CPU = Release|Any CPU
	EndGlobalSection
	GlobalSection(ProjectConfigurationPlatforms) = postSolution
		{B0E4391B-55F1-40BC-B25F-DB269C125931}.Debug|Any CPU.ActiveCfg = Debug|Any CPU
		{B0E4391B-55F1-40BC-B25F-DB269C125931}.Release|Any CPU.ActiveCfg = Release|Any CPU
	EndGlobalSection
	GlobalSection(SolutionProperties) = preSolution
		HideSolutionNode = FALSE
	EndGlobalSection
	GlobalSection(ExtensibilityGlobals) = postSolution
		SolutionGuid = {A85A16B6-1F4F-4468-A013-72E727C0B4F3}
	EndGlobalSection
EndGlobal
